Microsoft Visual Studio Solution File, Format Version 12.00
# Visual Studio 14
VisualStudioVersion = 14.0.24720.0
MinimumVisualStudioVersion = 10.0.40219.1
Project("{2150E333-8FDC-42A3-9474-1A3956D46DE8}") = ".paket", ".paket", "{63297B98-5CED-492C-A5B7-A5B4F73CF142}"
	ProjectSection(SolutionItems) = preProject
		paket.dependencies = paket.dependencies
		paket.lock = paket.lock
	EndProjectSection
EndProject
Project("{2150E333-8FDC-42A3-9474-1A3956D46DE8}") = "project", "project", "{BF60BC93-E09B-4E5F-9D85-95A519479D54}"
	ProjectSection(SolutionItems) = preProject
		.gitattributes = .gitattributes
		.gitignore = .gitignore
		build.fsx = build.fsx
		docs\tools\generate.fsx = docs\tools\generate.fsx
		docs\content\index.fsx = docs\content\index.fsx
		LICENSE.txt = LICENSE.txt
		README.md = README.md
		RELEASE_NOTES.md = RELEASE_NOTES.md
	EndProjectSection
EndProject
Project("{F2A71F9B-5D33-465A-A702-920D77279786}") = "Exira.Users", "src\Exira.Users\Exira.Users.fsproj", "{B3A5D299-97A8-4E05-B6EB-DE4923CE5A0F}"
EndProject
Project("{F2A71F9B-5D33-465A-A702-920D77279786}") = "Exira.Users.Web", "src\Exira.Users.Web\Exira.Users.Web.fsproj", "{415B63D2-281E-403F-93F8-EFD9D9D6D8C5}"
EndProject
Global
	GlobalSection(SolutionConfigurationPlatforms) = preSolution
		Debug|Any CPU = Debug|Any CPU
		Release|Any CPU = Release|Any CPU
	EndGlobalSection
	GlobalSection(ProjectConfigurationPlatforms) = postSolution
		{B3A5D299-97A8-4E05-B6EB-DE4923CE5A0F}.Debug|Any CPU.ActiveCfg = Debug|Any CPU
		{B3A5D299-97A8-4E05-B6EB-DE4923CE5A0F}.Debug|Any CPU.Build.0 = Debug|Any CPU
		{B3A5D299-97A8-4E05-B6EB-DE4923CE5A0F}.Release|Any CPU.ActiveCfg = Release|Any CPU
		{B3A5D299-97A8-4E05-B6EB-DE4923CE5A0F}.Release|Any CPU.Build.0 = Release|Any CPU
		{415B63D2-281E-403F-93F8-EFD9D9D6D8C5}.Debug|Any CPU.ActiveCfg = Debug|Any CPU
		{415B63D2-281E-403F-93F8-EFD9D9D6D8C5}.Debug|Any CPU.Build.0 = Debug|Any CPU
		{415B63D2-281E-403F-93F8-EFD9D9D6D8C5}.Release|Any CPU.ActiveCfg = Release|Any CPU
		{415B63D2-281E-403F-93F8-EFD9D9D6D8C5}.Release|Any CPU.Build.0 = Release|Any CPU
	EndGlobalSection
	GlobalSection(SolutionProperties) = preSolution
		HideSolutionNode = FALSE
	EndGlobalSection
EndGlobal
