Microsoft Visual Studio Solution File, Format Version 12.00
# Visual Studio 14
VisualStudioVersion = 14.0.24720.0
MinimumVisualStudioVersion = 10.0.40219.1
Project("{2150E333-8FDC-42A3-9474-1A3956D46DE8}") = ".paket", ".paket", "{63297B98-5CED-492C-A5B7-A5B4F73CF142}"
	ProjectSection(SolutionItems) = preProject
		paket.dependencies = paket.dependencies
		paket.lock = paket.lock
	EndProjectSection
EndProject
Project("{2150E333-8FDC-42A3-9474-1A3956D46DE8}") = "project", "project", "{BF60BC93-E09B-4E5F-9D85-95A519479D54}"
	ProjectSection(SolutionItems) = preProject
		.gitattributes = .gitattributes
		.gitignore = .gitignore
		build.fsx = build.fsx
		docs\tools\generate.fsx = docs\tools\generate.fsx
		docs\content\index.fsx = docs\content\index.fsx
		LICENSE.txt = LICENSE.txt
		README.md = README.md
		RELEASE_NOTES.md = RELEASE_NOTES.md
	EndProjectSection
EndProject
Project("{F2A71F9B-5D33-465A-A702-920D77279786}") = "Exira.Users", "src\Exira.Users\Exira.Users.fsproj", "{7207AF8E-5D26-4C1B-9388-4ECF16871D03}"
EndProject
Project("{F2A71F9B-5D33-465A-A702-920D77279786}") = "Exira.Users.Domain", "src\Exira.Users.Domain\Exira.Users.Domain.fsproj", "{EA93246F-05D5-43CE-81A4-6C33DCB715DE}"
EndProject
Project("{F2A71F9B-5D33-465A-A702-920D77279786}") = "Exira.Users.Projections.GenerateProfilePage", "src\Exira.Users.Projections.GenerateProfilePage\Exira.Users.Projections.GenerateProfilePage.fsproj", "{F8966CEC-B0D1-48AB-8C6D-DC4134BD3AF4}"
EndProject
Project("{F2A71F9B-5D33-465A-A702-920D77279786}") = "Exira.Users.Projections.CreateDefaultAccount", "src\Exira.Users.Projections.CreateDefaultAccount\Exira.Users.Projections.CreateDefaultAccount.fsproj", "{A1C5FAA3-D7DD-4943-AFCA-58CC1E7B9F4C}"
EndProject
Project("{2150E333-8FDC-42A3-9474-1A3956D46DE8}") = "tests", "tests", "{CC18FA7B-2F0B-4055-8D62-0599C2E55090}"
EndProject
Project("{F2A71F9B-5D33-465A-A702-920D77279786}") = "Exira.Users.Domain.Tests", "tests\Exira.Users.Domain.Tests\Exira.Users.Domain.Tests.fsproj", "{1A98D0FF-8DCF-49FF-BFAB-32EE1323F1CD}"
EndProject
Project("{FAE04EC0-301F-11D3-BF4B-00C04F79EFBC}") = "Exira.Serilog", "src\Exira.Serilog\Exira.Serilog.csproj", "{E5E7BCA5-0C52-4146-AE80-8434C273604C}"
EndProject
Global
	GlobalSection(SolutionConfigurationPlatforms) = preSolution
		Debug|Any CPU = Debug|Any CPU
		Release|Any CPU = Release|Any CPU
		Release45|Any CPU = Release45|Any CPU
		Release452|Any CPU = Release452|Any CPU
		Release46|Any CPU = Release46|Any CPU
	EndGlobalSection
	GlobalSection(ProjectConfigurationPlatforms) = postSolution
		{7207AF8E-5D26-4C1B-9388-4ECF16871D03}.Debug|Any CPU.ActiveCfg = Debug|Any CPU
		{7207AF8E-5D26-4C1B-9388-4ECF16871D03}.Debug|Any CPU.Build.0 = Debug|Any CPU
		{7207AF8E-5D26-4C1B-9388-4ECF16871D03}.Release|Any CPU.ActiveCfg = Release|Any CPU
		{7207AF8E-5D26-4C1B-9388-4ECF16871D03}.Release|Any CPU.Build.0 = Release|Any CPU
		{7207AF8E-5D26-4C1B-9388-4ECF16871D03}.Release45|Any CPU.ActiveCfg = Release|Any CPU
		{7207AF8E-5D26-4C1B-9388-4ECF16871D03}.Release45|Any CPU.Build.0 = Release|Any CPU
		{7207AF8E-5D26-4C1B-9388-4ECF16871D03}.Release452|Any CPU.ActiveCfg = Release|Any CPU
		{7207AF8E-5D26-4C1B-9388-4ECF16871D03}.Release452|Any CPU.Build.0 = Release|Any CPU
		{7207AF8E-5D26-4C1B-9388-4ECF16871D03}.Release46|Any CPU.ActiveCfg = Release|Any CPU
		{7207AF8E-5D26-4C1B-9388-4ECF16871D03}.Release46|Any CPU.Build.0 = Release|Any CPU
		{EA93246F-05D5-43CE-81A4-6C33DCB715DE}.Debug|Any CPU.ActiveCfg = Debug|Any CPU
		{EA93246F-05D5-43CE-81A4-6C33DCB715DE}.Debug|Any CPU.Build.0 = Debug|Any CPU
		{EA93246F-05D5-43CE-81A4-6C33DCB715DE}.Release|Any CPU.ActiveCfg = Release|Any CPU
		{EA93246F-05D5-43CE-81A4-6C33DCB715DE}.Release|Any CPU.Build.0 = Release|Any CPU
		{EA93246F-05D5-43CE-81A4-6C33DCB715DE}.Release45|Any CPU.ActiveCfg = Release|Any CPU
		{EA93246F-05D5-43CE-81A4-6C33DCB715DE}.Release45|Any CPU.Build.0 = Release|Any CPU
		{EA93246F-05D5-43CE-81A4-6C33DCB715DE}.Release452|Any CPU.ActiveCfg = Release|Any CPU
		{EA93246F-05D5-43CE-81A4-6C33DCB715DE}.Release452|Any CPU.Build.0 = Release|Any CPU
		{EA93246F-05D5-43CE-81A4-6C33DCB715DE}.Release46|Any CPU.ActiveCfg = Release|Any CPU
		{EA93246F-05D5-43CE-81A4-6C33DCB715DE}.Release46|Any CPU.Build.0 = Release|Any CPU
		{F8966CEC-B0D1-48AB-8C6D-DC4134BD3AF4}.Debug|Any CPU.ActiveCfg = Debug|Any CPU
		{F8966CEC-B0D1-48AB-8C6D-DC4134BD3AF4}.Debug|Any CPU.Build.0 = Debug|Any CPU
		{F8966CEC-B0D1-48AB-8C6D-DC4134BD3AF4}.Release|Any CPU.ActiveCfg = Release|Any CPU
		{F8966CEC-B0D1-48AB-8C6D-DC4134BD3AF4}.Release|Any CPU.Build.0 = Release|Any CPU
		{F8966CEC-B0D1-48AB-8C6D-DC4134BD3AF4}.Release45|Any CPU.ActiveCfg = Release|Any CPU
		{F8966CEC-B0D1-48AB-8C6D-DC4134BD3AF4}.Release45|Any CPU.Build.0 = Release|Any CPU
		{F8966CEC-B0D1-48AB-8C6D-DC4134BD3AF4}.Release452|Any CPU.ActiveCfg = Release|Any CPU
		{F8966CEC-B0D1-48AB-8C6D-DC4134BD3AF4}.Release452|Any CPU.Build.0 = Release|Any CPU
		{F8966CEC-B0D1-48AB-8C6D-DC4134BD3AF4}.Release46|Any CPU.ActiveCfg = Release|Any CPU
		{F8966CEC-B0D1-48AB-8C6D-DC4134BD3AF4}.Release46|Any CPU.Build.0 = Release|Any CPU
		{A1C5FAA3-D7DD-4943-AFCA-58CC1E7B9F4C}.Debug|Any CPU.ActiveCfg = Debug|Any CPU
		{A1C5FAA3-D7DD-4943-AFCA-58CC1E7B9F4C}.Debug|Any CPU.Build.0 = Debug|Any CPU
		{A1C5FAA3-D7DD-4943-AFCA-58CC1E7B9F4C}.Release|Any CPU.ActiveCfg = Release|Any CPU
		{A1C5FAA3-D7DD-4943-AFCA-58CC1E7B9F4C}.Release|Any CPU.Build.0 = Release|Any CPU
		{A1C5FAA3-D7DD-4943-AFCA-58CC1E7B9F4C}.Release45|Any CPU.ActiveCfg = Release|Any CPU
		{A1C5FAA3-D7DD-4943-AFCA-58CC1E7B9F4C}.Release45|Any CPU.Build.0 = Release|Any CPU
		{A1C5FAA3-D7DD-4943-AFCA-58CC1E7B9F4C}.Release452|Any CPU.ActiveCfg = Release|Any CPU
		{A1C5FAA3-D7DD-4943-AFCA-58CC1E7B9F4C}.Release452|Any CPU.Build.0 = Release|Any CPU
		{A1C5FAA3-D7DD-4943-AFCA-58CC1E7B9F4C}.Release46|Any CPU.ActiveCfg = Release|Any CPU
		{A1C5FAA3-D7DD-4943-AFCA-58CC1E7B9F4C}.Release46|Any CPU.Build.0 = Release|Any CPU
		{1A98D0FF-8DCF-49FF-BFAB-32EE1323F1CD}.Debug|Any CPU.ActiveCfg = Debug|Any CPU
		{1A98D0FF-8DCF-49FF-BFAB-32EE1323F1CD}.Debug|Any CPU.Build.0 = Debug|Any CPU
		{1A98D0FF-8DCF-49FF-BFAB-32EE1323F1CD}.Release|Any CPU.ActiveCfg = Release|Any CPU
		{1A98D0FF-8DCF-49FF-BFAB-32EE1323F1CD}.Release|Any CPU.Build.0 = Release|Any CPU
		{1A98D0FF-8DCF-49FF-BFAB-32EE1323F1CD}.Release45|Any CPU.ActiveCfg = Release|Any CPU
		{1A98D0FF-8DCF-49FF-BFAB-32EE1323F1CD}.Release45|Any CPU.Build.0 = Release|Any CPU
		{1A98D0FF-8DCF-49FF-BFAB-32EE1323F1CD}.Release452|Any CPU.ActiveCfg = Release|Any CPU
		{1A98D0FF-8DCF-49FF-BFAB-32EE1323F1CD}.Release452|Any CPU.Build.0 = Release|Any CPU
		{1A98D0FF-8DCF-49FF-BFAB-32EE1323F1CD}.Release46|Any CPU.ActiveCfg = Release|Any CPU
		{1A98D0FF-8DCF-49FF-BFAB-32EE1323F1CD}.Release46|Any CPU.Build.0 = Release|Any CPU
		{E5E7BCA5-0C52-4146-AE80-8434C273604C}.Debug|Any CPU.ActiveCfg = Debug|Any CPU
		{E5E7BCA5-0C52-4146-AE80-8434C273604C}.Debug|Any CPU.Build.0 = Debug|Any CPU
		{E5E7BCA5-0C52-4146-AE80-8434C273604C}.Release|Any CPU.ActiveCfg = Release|Any CPU
		{E5E7BCA5-0C52-4146-AE80-8434C273604C}.Release|Any CPU.Build.0 = Release|Any CPU
		{E5E7BCA5-0C52-4146-AE80-8434C273604C}.Release45|Any CPU.ActiveCfg = Release|Any CPU
		{E5E7BCA5-0C52-4146-AE80-8434C273604C}.Release45|Any CPU.Build.0 = Release|Any CPU
		{E5E7BCA5-0C52-4146-AE80-8434C273604C}.Release452|Any CPU.ActiveCfg = Release|Any CPU
		{E5E7BCA5-0C52-4146-AE80-8434C273604C}.Release452|Any CPU.Build.0 = Release|Any CPU
		{E5E7BCA5-0C52-4146-AE80-8434C273604C}.Release46|Any CPU.ActiveCfg = Release|Any CPU
		{E5E7BCA5-0C52-4146-AE80-8434C273604C}.Release46|Any CPU.Build.0 = Release|Any CPU
	EndGlobalSection
	GlobalSection(SolutionProperties) = preSolution
		HideSolutionNode = FALSE
	EndGlobalSection
	GlobalSection(NestedProjects) = preSolution
		{1A98D0FF-8DCF-49FF-BFAB-32EE1323F1CD} = {CC18FA7B-2F0B-4055-8D62-0599C2E55090}
	EndGlobalSection
EndGlobal
